// !$*UTF8*$!
{
	archiveVersion = 1;
	classes = {
	};
	objectVersion = 50;
	objects = {

/* Begin PBXBuildFile section */
		4AA40E4B2363D7A00092137A /* AppDelegate.swift in Sources */ = {isa = PBXBuildFile; fileRef = 4AA40E4A2363D7A00092137A /* AppDelegate.swift */; };
		4AA40E4D2363D7A00092137A /* SceneDelegate.swift in Sources */ = {isa = PBXBuildFile; fileRef = 4AA40E4C2363D7A00092137A /* SceneDelegate.swift */; };
		4AA40E4F2363D7A00092137A /* ContentView.swift in Sources */ = {isa = PBXBuildFile; fileRef = 4AA40E4E2363D7A00092137A /* ContentView.swift */; };
		4AA40E512363D7A10092137A /* Assets.xcassets in Resources */ = {isa = PBXBuildFile; fileRef = 4AA40E502363D7A10092137A /* Assets.xcassets */; };
		4AA40E542363D7A10092137A /* Preview Assets.xcassets in Resources */ = {isa = PBXBuildFile; fileRef = 4AA40E532363D7A10092137A /* Preview Assets.xcassets */; };
		4AA40E572363D7A10092137A /* LaunchScreen.storyboard in Resources */ = {isa = PBXBuildFile; fileRef = 4AA40E552363D7A10092137A /* LaunchScreen.storyboard */; };
/* End PBXBuildFile section */

/* Begin PBXFileReference section */
		4AA40E472363D7A00092137A /* TabBarSwiftUI.app */ = {isa = PBXFileReference; explicitFileType = wrapper.application; includeInIndex = 0; path = TabBarSwiftUI.app; sourceTree = BUILT_PRODUCTS_DIR; };
		4AA40E4A2363D7A00092137A /* AppDelegate.swift */ = {isa = PBXFileReference; lastKnownFileType = sourcecode.swift; path = AppDelegate.swift; sourceTree = "<group>"; };
		4AA40E4C2363D7A00092137A /* SceneDelegate.swift */ = {isa = PBXFileReference; lastKnownFileType = sourcecode.swift; path = SceneDelegate.swift; sourceTree = "<group>"; };
		4AA40E4E2363D7A00092137A /* ContentView.swift */ = {isa = PBXFileReference; lastKnownFileType = sourcecode.swift; path = ContentView.swift; sourceTree = "<group>"; };
		4AA40E502363D7A10092137A /* Assets.xcassets */ = {isa = PBXFileReference; lastKnownFileType = folder.assetcatalog; path = Assets.xcassets; sourceTree = "<group>"; };
		4AA40E532363D7A10092137A /* Preview Assets.xcassets */ = {isa = PBXFileReference; lastKnownFileType = folder.assetcatalog; path = "Preview Assets.xcassets"; sourceTree = "<group>"; };
		4AA40E562363D7A10092137A /* Base */ = {isa = PBXFileReference; lastKnownFileType = file.storyboard; name = Base; path = Base.lproj/LaunchScreen.storyboard; sourceTree = "<group>"; };
		4AA40E582363D7A10092137A /* Info.plist */ = {isa = PBXFileReference; lastKnownFileType = text.plist.xml; path = Info.plist; sourceTree = "<group>"; };
/* End PBXFileReference section */

/* Begin PBXFrameworksBuildPhase section */
		4AA40E442363D7A00092137A /* Frameworks */ = {
			isa = PBXFrameworksBuildPhase;
			buildActionMask = 2147483647;
			files = (
			);
			runOnlyForDeploymentPostprocessing = 0;
		};
/* End PBXFrameworksBuildPhase section */

/* Begin PBXGroup section */
		4AA40E3E2363D79F0092137A = {
			isa = PBXGroup;
			children = (
				4AA40E492363D7A00092137A /* TabBarSwiftUI */,
				4AA40E482363D7A00092137A /* Products */,
			);
			sourceTree = "<group>";
		};
		4AA40E482363D7A00092137A /* Products */ = {
			isa = PBXGroup;
			children = (
				4AA40E472363D7A00092137A /* TabBarSwiftUI.app */,
			);
			name = Products;
			sourceTree = "<group>";
		};
		4AA40E492363D7A00092137A /* TabBarSwiftUI */ = {
			isa = PBXGroup;
			children = (
				4AA40E4A2363D7A00092137A /* AppDelegate.swift */,
				4AA40E4C2363D7A00092137A /* SceneDelegate.swift */,
				4AA40E4E2363D7A00092137A /* ContentView.swift */,
				4AA40E502363D7A10092137A /* Assets.xcassets */,
				4AA40E552363D7A10092137A /* LaunchScreen.storyboard */,
				4AA40E582363D7A10092137A /* Info.plist */,
				4AA40E522363D7A10092137A /* Preview Content */,
			);
			path = TabBarSwiftUI;
			sourceTree = "<group>";
		};
		4AA40E522363D7A10092137A /* Preview Content */ = {
			isa = PBXGroup;
			children = (
				4AA40E532363D7A10092137A /* Preview Assets.xcassets */,
			);
			path = "Preview Content";
			sourceTree = "<group>";
		};
/* End PBXGroup section */

/* Begin PBXNativeTarget section */
		4AA40E462363D7A00092137A /* TabBarSwiftUI */ = {
			isa = PBXNativeTarget;
			buildConfigurationList = 4AA40E5B2363D7A10092137A /* Build configuration list for PBXNativeTarget "TabBarSwiftUI" */;
			buildPhases = (
				4AA40E432363D7A00092137A /* Sources */,
				4AA40E442363D7A00092137A /* Frameworks */,
				4AA40E452363D7A00092137A /* Resources */,
			);
			buildRules = (
			);
			dependencies = (
			);
			name = TabBarSwiftUI;
			productName = TabBarSwiftUI;
			productReference = 4AA40E472363D7A00092137A /* TabBarSwiftUI.app */;
			productType = "com.apple.product-type.application";
		};
/* End PBXNativeTarget section */

/* Begin PBXProject section */
		4AA40E3F2363D79F0092137A /* Project object */ = {
			isa = PBXProject;
			attributes = {
				LastSwiftUpdateCheck = 1110;
				LastUpgradeCheck = 1110;
				ORGANIZATIONNAME = "Ahmed Elzohry";
				TargetAttributes = {
					4AA40E462363D7A00092137A = {
						CreatedOnToolsVersion = 11.1;
					};
				};
			};
			buildConfigurationList = 4AA40E422363D79F0092137A /* Build configuration list for PBXProject "TabBarSwiftUI" */;
			compatibilityVersion = "Xcode 9.3";
			developmentRegion = en;
			hasScannedForEncodings = 0;
			knownRegions = (
				en,
				Base,
			);
			mainGroup = 4AA40E3E2363D79F0092137A;
			productRefGroup = 4AA40E482363D7A00092137A /* Products */;
			projectDirPath = "";
			projectRoot = "";
			targets = (
				4AA40E462363D7A00092137A /* TabBarSwiftUI */,
			);
		};
/* End PBXProject section */

/* Begin PBXResourcesBuildPhase section */
		4AA40E452363D7A00092137A /* Resources */ = {
			isa = PBXResourcesBuildPhase;
			buildActionMask = 2147483647;
			files = (
				4AA40E572363D7A10092137A /* LaunchScreen.storyboard in Resources */,
				4AA40E542363D7A10092137A /* Preview Assets.xcassets in Resources */,
				4AA40E512363D7A10092137A /* Assets.xcassets in Resources */,
			);
			runOnlyForDeploymentPostprocessing = 0;
		};
/* End PBXResourcesBuildPhase section */

/* Begin PBXSourcesBuildPhase section */
		4AA40E432363D7A00092137A /* Sources */ = {
			isa = PBXSourcesBuildPhase;
			buildActionMask = 2147483647;
			files = (
				4AA40E4B2363D7A00092137A /* AppDelegate.swift in Sources */,
				4AA40E4D2363D7A00092137A /* SceneDelegate.swift in Sources */,
				4AA40E4F2363D7A00092137A /* ContentView.swift in Sources */,
			);
			runOnlyForDeploymentPostprocessing = 0;
		};
/* End PBXSourcesBuildPhase section */

/* Begin PBXVariantGroup section */
		4AA40E552363D7A10092137A /* LaunchScreen.storyboard */ = {
			isa = PBXVariantGroup;
			children = (
				4AA40E562363D7A10092137A /* Base */,
			);
			name = LaunchScreen.storyboard;
			sourceTree = "<group>";
		};
/* End PBXVariantGroup section */

/* Begin XCBuildConfiguration section */
		4AA40E592363D7A10092137A /* Debug */ = {
			isa = XCBuildConfiguration;
			buildSettings = {
				ALWAYS_SEARCH_USER_PATHS = NO;
				CLANG_ANALYZER_NONNULL = YES;
				CLANG_ANALYZER_NUMBER_OBJECT_CONVERSION = YES_AGGRESSIVE;
				CLANG_CXX_LANGUAGE_STANDARD = "gnu++14";
				CLANG_CXX_LIBRARY = "libc++";
				CLANG_ENABLE_MODULES = YES;
				CLANG_ENABLE_OBJC_ARC = YES;
				CLANG_ENABLE_OBJC_WEAK = YES;
				CLANG_WARN_BLOCK_CAPTURE_AUTORELEASING = YES;
				CLANG_WARN_BOOL_CONVERSION = YES;
				CLANG_WARN_COMMA = YES;
				CLANG_WARN_CONSTANT_CONVERSION = YES;
				CLANG_WARN_DEPRECATED_OBJC_IMPLEMENTATIONS = YES;
				CLANG_WARN_DIRECT_OBJC_ISA_USAGE = YES_ERROR;
				CLANG_WARN_DOCUMENTATION_COMMENTS = YES;
				CLANG_WARN_EMPTY_BODY = YES;
				CLANG_WARN_ENUM_CONVERSION = YES;
				CLANG_WARN_INFINITE_RECURSION = YES;
				CLANG_WARN_INT_CONVERSION = YES;
				CLANG_WARN_NON_LITERAL_NULL_CONVERSION = YES;
				CLANG_WARN_OBJC_IMPLICIT_RETAIN_SELF = YES;
				CLANG_WARN_OBJC_LITERAL_CONVERSION = YES;
				CLANG_WARN_OBJC_ROOT_CLASS = YES_ERROR;
				CLANG_WARN_RANGE_LOOP_ANALYSIS = YES;
				CLANG_WARN_STRICT_PROTOTYPES = YES;
				CLANG_WARN_SUSPICIOUS_MOVE = YES;
				CLANG_WARN_UNGUARDED_AVAILABILITY = YES_AGGRESSIVE;
				CLANG_WARN_UNREACHABLE_CODE = YES;
				CLANG_WARN__DUPLICATE_METHOD_MATCH = YES;
				COPY_PHASE_STRIP = NO;
				DEBUG_INFORMATION_FORMAT = dwarf;
				ENABLE_STRICT_OBJC_MSGSEND = YES;
				ENABLE_TESTABILITY = YES;
				GCC_C_LANGUAGE_STANDARD = gnu11;
				GCC_DYNAMIC_NO_PIC = NO;
				GCC_NO_COMMON_BLOCKS = YES;
				GCC_OPTIMIZATION_LEVEL = 0;
				GCC_PREPROCESSOR_DEFINITIONS = (
					"DEBUG=1",
					"$(inherited)",
				);
				GCC_WARN_64_TO_32_BIT_CONVERSION = YES;
				GCC_WARN_ABOUT_RETURN_TYPE = YES_ERROR;
				GCC_WARN_UNDECLARED_SELECTOR = YES;
				GCC_WARN_UNINITIALIZED_AUTOS = YES_AGGRESSIVE;
				GCC_WARN_UNUSED_FUNCTION = YES;
				GCC_WARN_UNUSED_VARIABLE = YES;
				IPHONEOS_DEPLOYMENT_TARGET = 13.1;
				MTL_ENABLE_DEBUG_INFO = INCLUDE_SOURCE;
				MTL_FAST_MATH = YES;
				ONLY_ACTIVE_ARCH = YES;
				SDKROOT = iphoneos;
				SWIFT_ACTIVE_COMPILATION_CONDITIONS = DEBUG;
				SWIFT_OPTIMIZATION_LEVEL = "-Onone";
			};
			name = Debug;
		};
		4AA40E5A2363D7A10092137A /* Release */ = {
			isa = XCBuildConfiguration;
			buildSettings = {
				ALWAYS_SEARCH_USER_PATHS = NO;
				CLANG_ANALYZER_NONNULL = YES;
				CLANG_ANALYZER_NUMBER_OBJECT_CONVERSION = YES_AGGRESSIVE;
				CLANG_CXX_LANGUAGE_STANDARD = "gnu++14";
				CLANG_CXX_LIBRARY = "libc++";
				CLANG_ENABLE_MODULES = YES;
				CLANG_ENABLE_OBJC_ARC = YES;
				CLANG_ENABLE_OBJC_WEAK = YES;
				CLANG_WARN_BLOCK_CAPTURE_AUTORELEASING = YES;
				CLANG_WARN_BOOL_CONVERSION = YES;
				CLANG_WARN_COMMA = YES;
				CLANG_WARN_CONSTANT_CONVERSION = YES;
				CLANG_WARN_DEPRECATED_OBJC_IMPLEMENTATIONS = YES;
				CLANG_WARN_DIRECT_OBJC_ISA_USAGE = YES_ERROR;
				CLANG_WARN_DOCUMENTATION_COMMENTS = YES;
				CLANG_WARN_EMPTY_BODY = YES;
				CLANG_WARN_ENUM_CONVERSION = YES;
				CLANG_WARN_INFINITE_RECURSION = YES;
				CLANG_WARN_INT_CONVERSION = YES;
				CLANG_WARN_NON_LITERAL_NULL_CONVERSION = YES;
				CLANG_WARN_OBJC_IMPLICIT_RETAIN_SELF = YES;
				CLANG_WARN_OBJC_LITERAL_CONVERSION = YES;
				CLANG_WARN_OBJC_ROOT_CLASS = YES_ERROR;
				CLANG_WARN_RANGE_LOOP_ANALYSIS = YES;
				CLANG_WARN_STRICT_PROTOTYPES = YES;
				CLANG_WARN_SUSPICIOUS_MOVE = YES;
				CLANG_WARN_UNGUARDED_AVAILABILITY = YES_AGGRESSIVE;
				CLANG_WARN_UNREACHABLE_CODE = YES;
				CLANG_WARN__DUPLICATE_METHOD_MATCH = YES;
				COPY_PHASE_STRIP = NO;
				DEBUG_INFORMATION_FORMAT = "dwarf-with-dsym";
				ENABLE_NS_ASSERTIONS = NO;
				ENABLE_STRICT_OBJC_MSGSEND = YES;
				GCC_C_LANGUAGE_STANDARD = gnu11;
				GCC_NO_COMMON_BLOCKS = YES;
				GCC_WARN_64_TO_32_BIT_CONVERSION = YES;
				GCC_WARN_ABOUT_RETURN_TYPE = YES_ERROR;
				GCC_WARN_UNDECLARED_SELECTOR = YES;
				GCC_WARN_UNINITIALIZED_AUTOS = YES_AGGRESSIVE;
				GCC_WARN_UNUSED_FUNCTION = YES;
				GCC_WARN_UNUSED_VARIABLE = YES;
				IPHONEOS_DEPLOYMENT_TARGET = 13.1;
				MTL_ENABLE_DEBUG_INFO = NO;
				MTL_FAST_MATH = YES;
				SDKROOT = iphoneos;
				SWIFT_COMPILATION_MODE = wholemodule;
				SWIFT_OPTIMIZATION_LEVEL = "-O";
				VALIDATE_PRODUCT = YES;
			};
			name = Release;
		};
		4AA40E5C2363D7A10092137A /* Debug */ = {
			isa = XCBuildConfiguration;
			buildSettings = {
				ASSETCATALOG_COMPILER_APPICON_NAME = AppIcon;
				CODE_SIGN_STYLE = Automatic;
				DEVELOPMENT_ASSET_PATHS = "\"TabBarSwiftUI/Preview Content\"";
				DEVELOPMENT_TEAM = KYCVLD89Y4;
				ENABLE_PREVIEWS = YES;
				INFOPLIST_FILE = TabBarSwiftUI/Info.plist;
				LD_RUNPATH_SEARCH_PATHS = (
					"$(inherited)",
					"@executable_path/Frameworks",
				);
				PRODUCT_BUNDLE_IDENTIFIER = com.aelzohry.TabBarSwiftUI;
				PRODUCT_NAME = "$(TARGET_NAME)";
				SWIFT_VERSION = 5.0;
				TARGETED_DEVICE_FAMILY = "1,2";
			};
			name = Debug;
		};
		4AA40E5D2363D7A10092137A /* Release */ = {
			isa = XCBuildConfiguration;
			buildSettings = {
				ASSETCATALOG_COMPILER_APPICON_NAME = AppIcon;
				CODE_SIGN_STYLE = Automatic;
				DEVELOPMENT_ASSET_PATHS = "\"TabBarSwiftUI/Preview Content\"";
				DEVELOPMENT_TEAM = KYCVLD89Y4;
				ENABLE_PREVIEWS = YES;
				INFOPLIST_FILE = TabBarSwiftUI/Info.plist;
				LD_RUNPATH_SEARCH_PATHS = (
					"$(inherited)",
					"@executable_path/Frameworks",
				);
				PRODUCT_BUNDLE_IDENTIFIER = com.aelzohry.TabBarSwiftUI;
				PRODUCT_NAME = "$(TARGET_NAME)";
				SWIFT_VERSION = 5.0;
				TARGETED_DEVICE_FAMILY = "1,2";
			};
			name = Release;
		};
/* End XCBuildConfiguration section */

/* Begin XCConfigurationList section */
		4AA40E422363D79F0092137A /* Build configuration list for PBXProject "TabBarSwiftUI" */ = {
			isa = XCConfigurationList;
			buildConfigurations = (
				4AA40E592363D7A10092137A /* Debug */,
				4AA40E5A2363D7A10092137A /* Release */,
			);
			defaultConfigurationIsVisible = 0;
			defaultConfigurationName = Release;
		};
		4AA40E5B2363D7A10092137A /* Build configuration list for PBXNativeTarget "TabBarSwiftUI" */ = {
			isa = XCConfigurationList;
			buildConfigurations = (
				4AA40E5C2363D7A10092137A /* Debug */,
				4AA40E5D2363D7A10092137A /* Release */,
			);
			defaultConfigurationIsVisible = 0;
			defaultConfigurationName = Release;
		};
/* End XCConfigurationList section */
	};
	rootObject = 4AA40E3F2363D79F0092137A /* Project object */;
}
